
Microsoft Visual Studio Solution File, Format Version 12.00
# Visual Studio Version 17
VisualStudioVersion = 17.4.33205.214
MinimumVisualStudioVersion = 10.0.40219.1
Project("{FAE04EC0-301F-11D3-BF4B-00C04F79EFBC}") = "1_HelloWPFApp", "1_HelloWPFApp.csproj", "{4729785D-8564-41FA-9AD6-1DD06745C7F5}"
EndProject
Global
	GlobalSection(SolutionConfigurationPlatforms) = preSolution
		Debug|Any CPU = Debug|Any CPU
		Release|Any CPU = Release|Any CPU
	EndGlobalSection
	GlobalSection(ProjectConfigurationPlatforms) = postSolution
		{4729785D-8564-41FA-9AD6-1DD06745C7F5}.Debug|Any CPU.ActiveCfg = Debug|Any CPU
		{4729785D-8564-41FA-9AD6-1DD06745C7F5}.Debug|Any CPU.Build.0 = Debug|Any CPU
		{4729785D-8564-41FA-9AD6-1DD06745C7F5}.Release|Any CPU.ActiveCfg = Release|Any CPU
		{4729785D-8564-41FA-9AD6-1DD06745C7F5}.Release|Any CPU.Build.0 = Release|Any CPU
	EndGlobalSection
	GlobalSection(SolutionProperties) = preSolution
		HideSolutionNode = FALSE
	EndGlobalSection
	GlobalSection(ExtensibilityGlobals) = postSolution
		SolutionGuid = {1449B84B-7821-426D-877E-024332C684BE}
	EndGlobalSection
EndGlobal
